
Microsoft Visual Studio Solution File, Format Version 12.00
# Visual Studio Version 17
VisualStudioVersion = 17.10.35027.167
MinimumVisualStudioVersion = 10.0.40219.1
Project("{2150E333-8FDC-42A3-9474-1A3956D46DE8}") = "src", "src", "{50F08F0A-F7E8-4535-BA79-0D0EBB1DF851}"
EndProject
Project("{9A19103F-16F7-4668-BE54-9A1E7A4F7556}") = "SearchBugs.Api", "SearchBugs.Api\SearchBugs.Api.csproj", "{C3EBC14A-19D9-4677-B40F-096C452126B6}"
EndProject
Project("{9A19103F-16F7-4668-BE54-9A1E7A4F7556}") = "SearchBugs.Application", "SearchBugs.Application\SearchBugs.Application.csproj", "{2718D6F7-5AEC-4B08-9241-1641A9944B09}"
EndProject
Project("{9A19103F-16F7-4668-BE54-9A1E7A4F7556}") = "SearchBugs.Domain", "SearchBugs.Domain\SearchBugs.Domain.csproj", "{83894DF2-E283-4C8D-A336-FE1773BF8C0E}"
EndProject
Project("{9A19103F-16F7-4668-BE54-9A1E7A4F7556}") = "SearchBugs.Infrastructure", "SearchBugs.Infrastructure\SearchBugs.Infrastructure.csproj", "{3D5430A2-BE51-4430-AF63-83A418454CA6}"
EndProject
Project("{2150E333-8FDC-42A3-9474-1A3956D46DE8}") = "Solution Items", "Solution Items", "{FF775789-F110-4C3A-8BA0-58A5C1741F57}"
	ProjectSection(SolutionItems) = preProject
		.gitignore = .gitignore
		..\..\..\Downloads\DDD_Bug_Tracking_ERD.png = ..\..\..\Downloads\DDD_Bug_Tracking_ERD.png
		Api.md = Api.md
		Role.md = Role.md
	EndProjectSection
EndProject
Project("{9A19103F-16F7-4668-BE54-9A1E7A4F7556}") = "SearchBugs.Persistence", "SearchBugs.Persistence\SearchBugs.Persistence.csproj", "{7E917907-F9D9-48D1-8968-8AA8E88F13FD}"
EndProject
Project("{9A19103F-16F7-4668-BE54-9A1E7A4F7556}") = "Shared", "Shared\Shared.csproj", "{91E839BC-EFCA-4057-9DE2-931533A4620C}"
EndProject
Global
	GlobalSection(SolutionConfigurationPlatforms) = preSolution
		Debug|Any CPU = Debug|Any CPU
		Release|Any CPU = Release|Any CPU
	EndGlobalSection
	GlobalSection(ProjectConfigurationPlatforms) = postSolution
		{C3EBC14A-19D9-4677-B40F-096C452126B6}.Debug|Any CPU.ActiveCfg = Debug|Any CPU
		{C3EBC14A-19D9-4677-B40F-096C452126B6}.Debug|Any CPU.Build.0 = Debug|Any CPU
		{C3EBC14A-19D9-4677-B40F-096C452126B6}.Release|Any CPU.ActiveCfg = Release|Any CPU
		{C3EBC14A-19D9-4677-B40F-096C452126B6}.Release|Any CPU.Build.0 = Release|Any CPU
		{2718D6F7-5AEC-4B08-9241-1641A9944B09}.Debug|Any CPU.ActiveCfg = Debug|Any CPU
		{2718D6F7-5AEC-4B08-9241-1641A9944B09}.Debug|Any CPU.Build.0 = Debug|Any CPU
		{2718D6F7-5AEC-4B08-9241-1641A9944B09}.Release|Any CPU.ActiveCfg = Release|Any CPU
		{2718D6F7-5AEC-4B08-9241-1641A9944B09}.Release|Any CPU.Build.0 = Release|Any CPU
		{83894DF2-E283-4C8D-A336-FE1773BF8C0E}.Debug|Any CPU.ActiveCfg = Debug|Any CPU
		{83894DF2-E283-4C8D-A336-FE1773BF8C0E}.Debug|Any CPU.Build.0 = Debug|Any CPU
		{83894DF2-E283-4C8D-A336-FE1773BF8C0E}.Release|Any CPU.ActiveCfg = Release|Any CPU
		{83894DF2-E283-4C8D-A336-FE1773BF8C0E}.Release|Any CPU.Build.0 = Release|Any CPU
		{3D5430A2-BE51-4430-AF63-83A418454CA6}.Debug|Any CPU.ActiveCfg = Debug|Any CPU
		{3D5430A2-BE51-4430-AF63-83A418454CA6}.Debug|Any CPU.Build.0 = Debug|Any CPU
		{3D5430A2-BE51-4430-AF63-83A418454CA6}.Release|Any CPU.ActiveCfg = Release|Any CPU
		{3D5430A2-BE51-4430-AF63-83A418454CA6}.Release|Any CPU.Build.0 = Release|Any CPU
		{7E917907-F9D9-48D1-8968-8AA8E88F13FD}.Debug|Any CPU.ActiveCfg = Debug|Any CPU
		{7E917907-F9D9-48D1-8968-8AA8E88F13FD}.Debug|Any CPU.Build.0 = Debug|Any CPU
		{7E917907-F9D9-48D1-8968-8AA8E88F13FD}.Release|Any CPU.ActiveCfg = Release|Any CPU
		{7E917907-F9D9-48D1-8968-8AA8E88F13FD}.Release|Any CPU.Build.0 = Release|Any CPU
		{91E839BC-EFCA-4057-9DE2-931533A4620C}.Debug|Any CPU.ActiveCfg = Debug|Any CPU
		{91E839BC-EFCA-4057-9DE2-931533A4620C}.Debug|Any CPU.Build.0 = Debug|Any CPU
		{91E839BC-EFCA-4057-9DE2-931533A4620C}.Release|Any CPU.ActiveCfg = Release|Any CPU
		{91E839BC-EFCA-4057-9DE2-931533A4620C}.Release|Any CPU.Build.0 = Release|Any CPU
	EndGlobalSection
	GlobalSection(SolutionProperties) = preSolution
		HideSolutionNode = FALSE
	EndGlobalSection
	GlobalSection(NestedProjects) = preSolution
		{C3EBC14A-19D9-4677-B40F-096C452126B6} = {50F08F0A-F7E8-4535-BA79-0D0EBB1DF851}
		{2718D6F7-5AEC-4B08-9241-1641A9944B09} = {50F08F0A-F7E8-4535-BA79-0D0EBB1DF851}
		{83894DF2-E283-4C8D-A336-FE1773BF8C0E} = {50F08F0A-F7E8-4535-BA79-0D0EBB1DF851}
		{3D5430A2-BE51-4430-AF63-83A418454CA6} = {50F08F0A-F7E8-4535-BA79-0D0EBB1DF851}
		{7E917907-F9D9-48D1-8968-8AA8E88F13FD} = {50F08F0A-F7E8-4535-BA79-0D0EBB1DF851}
		{91E839BC-EFCA-4057-9DE2-931533A4620C} = {50F08F0A-F7E8-4535-BA79-0D0EBB1DF851}
	EndGlobalSection
	GlobalSection(ExtensibilityGlobals) = postSolution
		SolutionGuid = {FE66C8F7-24C5-4D13-9065-9782B22FD818}
	EndGlobalSection
EndGlobal
