
Microsoft Visual Studio Solution File, Format Version 12.00
# Visual Studio Version 17
VisualStudioVersion = 17.10.35027.167
MinimumVisualStudioVersion = 10.0.40219.1
Project("{2150E333-8FDC-42A3-9474-1A3956D46DE8}") = "src", "src", "{50F08F0A-F7E8-4535-BA79-0D0EBB1DF851}"
EndProject
Project("{FAE04EC0-301F-11D3-BF4B-00C04F79EFBC}") = "SearchBugs.Api", "SearchBugs.Api\SearchBugs.Api.csproj", "{C3EBC14A-19D9-4677-B40F-096C452126B6}"
EndProject
Project("{FAE04EC0-301F-11D3-BF4B-00C04F79EFBC}") = "SearchBugs.Application", "SearchBugs.Application\SearchBugs.Application.csproj", "{2718D6F7-5AEC-4B08-9241-1641A9944B09}"
EndProject
Project("{FAE04EC0-301F-11D3-BF4B-00C04F79EFBC}") = "SearchBugs.Domain", "SearchBugs.Domain\SearchBugs.Domain.csproj", "{83894DF2-E283-4C8D-A336-FE1773BF8C0E}"
EndProject
Project("{FAE04EC0-301F-11D3-BF4B-00C04F79EFBC}") = "SearchBugs.Infrastructure", "SearchBugs.Infrastructure\SearchBugs.Infrastructure.csproj", "{3D5430A2-BE51-4430-AF63-83A418454CA6}"
EndProject
Project("{2150E333-8FDC-42A3-9474-1A3956D46DE8}") = "Common", "Common", "{92AEC431-B443-4FCF-A91A-BEBE47C92AE9}"
EndProject
Project("{FAE04EC0-301F-11D3-BF4B-00C04F79EFBC}") = "Application", "Application\Application.csproj", "{D973153E-32AE-4FD0-9668-F07686E9BABB}"
EndProject
Project("{FAE04EC0-301F-11D3-BF4B-00C04F79EFBC}") = "Domain", "Domain\Domain.csproj", "{D70099AC-39DB-41F3-B019-89B558A42603}"
EndProject
Project("{FAE04EC0-301F-11D3-BF4B-00C04F79EFBC}") = "Infrastructure", "Infrastructure\Infrastructure.csproj", "{E55459C0-EFE7-4136-9EC0-F14B3A8D0814}"
EndProject
Project("{FAE04EC0-301F-11D3-BF4B-00C04F79EFBC}") = "Persistence", "Persistence\Persistence.csproj", "{EE024683-36D6-420E-B02B-BD4D1CBA19AD}"
EndProject
Project("{FAE04EC0-301F-11D3-BF4B-00C04F79EFBC}") = "Shared", "Shared\Shared.csproj", "{664E8306-58C0-46CC-BBAD-E95A0C54D116}"
EndProject
Global
	GlobalSection(SolutionConfigurationPlatforms) = preSolution
		Debug|Any CPU = Debug|Any CPU
		Release|Any CPU = Release|Any CPU
	EndGlobalSection
	GlobalSection(ProjectConfigurationPlatforms) = postSolution
		{C3EBC14A-19D9-4677-B40F-096C452126B6}.Debug|Any CPU.ActiveCfg = Debug|Any CPU
		{C3EBC14A-19D9-4677-B40F-096C452126B6}.Debug|Any CPU.Build.0 = Debug|Any CPU
		{C3EBC14A-19D9-4677-B40F-096C452126B6}.Release|Any CPU.ActiveCfg = Release|Any CPU
		{C3EBC14A-19D9-4677-B40F-096C452126B6}.Release|Any CPU.Build.0 = Release|Any CPU
		{2718D6F7-5AEC-4B08-9241-1641A9944B09}.Debug|Any CPU.ActiveCfg = Debug|Any CPU
		{2718D6F7-5AEC-4B08-9241-1641A9944B09}.Debug|Any CPU.Build.0 = Debug|Any CPU
		{2718D6F7-5AEC-4B08-9241-1641A9944B09}.Release|Any CPU.ActiveCfg = Release|Any CPU
		{2718D6F7-5AEC-4B08-9241-1641A9944B09}.Release|Any CPU.Build.0 = Release|Any CPU
		{83894DF2-E283-4C8D-A336-FE1773BF8C0E}.Debug|Any CPU.ActiveCfg = Debug|Any CPU
		{83894DF2-E283-4C8D-A336-FE1773BF8C0E}.Debug|Any CPU.Build.0 = Debug|Any CPU
		{83894DF2-E283-4C8D-A336-FE1773BF8C0E}.Release|Any CPU.ActiveCfg = Release|Any CPU
		{83894DF2-E283-4C8D-A336-FE1773BF8C0E}.Release|Any CPU.Build.0 = Release|Any CPU
		{3D5430A2-BE51-4430-AF63-83A418454CA6}.Debug|Any CPU.ActiveCfg = Debug|Any CPU
		{3D5430A2-BE51-4430-AF63-83A418454CA6}.Debug|Any CPU.Build.0 = Debug|Any CPU
		{3D5430A2-BE51-4430-AF63-83A418454CA6}.Release|Any CPU.ActiveCfg = Release|Any CPU
		{3D5430A2-BE51-4430-AF63-83A418454CA6}.Release|Any CPU.Build.0 = Release|Any CPU
		{D973153E-32AE-4FD0-9668-F07686E9BABB}.Debug|Any CPU.ActiveCfg = Debug|Any CPU
		{D973153E-32AE-4FD0-9668-F07686E9BABB}.Debug|Any CPU.Build.0 = Debug|Any CPU
		{D973153E-32AE-4FD0-9668-F07686E9BABB}.Release|Any CPU.ActiveCfg = Release|Any CPU
		{D973153E-32AE-4FD0-9668-F07686E9BABB}.Release|Any CPU.Build.0 = Release|Any CPU
		{D70099AC-39DB-41F3-B019-89B558A42603}.Debug|Any CPU.ActiveCfg = Debug|Any CPU
		{D70099AC-39DB-41F3-B019-89B558A42603}.Debug|Any CPU.Build.0 = Debug|Any CPU
		{D70099AC-39DB-41F3-B019-89B558A42603}.Release|Any CPU.ActiveCfg = Release|Any CPU
		{D70099AC-39DB-41F3-B019-89B558A42603}.Release|Any CPU.Build.0 = Release|Any CPU
		{E55459C0-EFE7-4136-9EC0-F14B3A8D0814}.Debug|Any CPU.ActiveCfg = Debug|Any CPU
		{E55459C0-EFE7-4136-9EC0-F14B3A8D0814}.Debug|Any CPU.Build.0 = Debug|Any CPU
		{E55459C0-EFE7-4136-9EC0-F14B3A8D0814}.Release|Any CPU.ActiveCfg = Release|Any CPU
		{E55459C0-EFE7-4136-9EC0-F14B3A8D0814}.Release|Any CPU.Build.0 = Release|Any CPU
		{EE024683-36D6-420E-B02B-BD4D1CBA19AD}.Debug|Any CPU.ActiveCfg = Debug|Any CPU
		{EE024683-36D6-420E-B02B-BD4D1CBA19AD}.Debug|Any CPU.Build.0 = Debug|Any CPU
		{EE024683-36D6-420E-B02B-BD4D1CBA19AD}.Release|Any CPU.ActiveCfg = Release|Any CPU
		{EE024683-36D6-420E-B02B-BD4D1CBA19AD}.Release|Any CPU.Build.0 = Release|Any CPU
		{664E8306-58C0-46CC-BBAD-E95A0C54D116}.Debug|Any CPU.ActiveCfg = Debug|Any CPU
		{664E8306-58C0-46CC-BBAD-E95A0C54D116}.Debug|Any CPU.Build.0 = Debug|Any CPU
		{664E8306-58C0-46CC-BBAD-E95A0C54D116}.Release|Any CPU.ActiveCfg = Release|Any CPU
		{664E8306-58C0-46CC-BBAD-E95A0C54D116}.Release|Any CPU.Build.0 = Release|Any CPU
	EndGlobalSection
	GlobalSection(SolutionProperties) = preSolution
		HideSolutionNode = FALSE
	EndGlobalSection
	GlobalSection(NestedProjects) = preSolution
		{C3EBC14A-19D9-4677-B40F-096C452126B6} = {50F08F0A-F7E8-4535-BA79-0D0EBB1DF851}
		{2718D6F7-5AEC-4B08-9241-1641A9944B09} = {50F08F0A-F7E8-4535-BA79-0D0EBB1DF851}
		{83894DF2-E283-4C8D-A336-FE1773BF8C0E} = {50F08F0A-F7E8-4535-BA79-0D0EBB1DF851}
		{3D5430A2-BE51-4430-AF63-83A418454CA6} = {50F08F0A-F7E8-4535-BA79-0D0EBB1DF851}
		{D973153E-32AE-4FD0-9668-F07686E9BABB} = {92AEC431-B443-4FCF-A91A-BEBE47C92AE9}
		{D70099AC-39DB-41F3-B019-89B558A42603} = {92AEC431-B443-4FCF-A91A-BEBE47C92AE9}
		{E55459C0-EFE7-4136-9EC0-F14B3A8D0814} = {92AEC431-B443-4FCF-A91A-BEBE47C92AE9}
		{EE024683-36D6-420E-B02B-BD4D1CBA19AD} = {92AEC431-B443-4FCF-A91A-BEBE47C92AE9}
		{664E8306-58C0-46CC-BBAD-E95A0C54D116} = {92AEC431-B443-4FCF-A91A-BEBE47C92AE9}
	EndGlobalSection
	GlobalSection(ExtensibilityGlobals) = postSolution
		SolutionGuid = {FE66C8F7-24C5-4D13-9065-9782B22FD818}
	EndGlobalSection
EndGlobal
